// !$*UTF8*$!
{
	archiveVersion = 1;
	classes = {
	};
	objectVersion = 46;
	objects = {

/* Begin PBXBuildFile section */
		6375422A1B17D697006B26E3 /* main.m in Sources */ = {isa = PBXBuildFile; fileRef = 637542291B17D697006B26E3 /* main.m */; };
		6375422D1B17D697006B26E3 /* AppDelegate.m in Sources */ = {isa = PBXBuildFile; fileRef = 6375422C1B17D697006B26E3 /* AppDelegate.m */; };
		637542301B17D697006B26E3 /* BackEnd.xcdatamodeld in Sources */ = {isa = PBXBuildFile; fileRef = 6375422E1B17D697006B26E3 /* BackEnd.xcdatamodeld */; };
		637542331B17D697006B26E3 /* ViewController.m in Sources */ = {isa = PBXBuildFile; fileRef = 637542321B17D697006B26E3 /* ViewController.m */; };
		637542361B17D698006B26E3 /* Main.storyboard in Resources */ = {isa = PBXBuildFile; fileRef = 637542341B17D698006B26E3 /* Main.storyboard */; };
		637542381B17D698006B26E3 /* Images.xcassets in Resources */ = {isa = PBXBuildFile; fileRef = 637542371B17D698006B26E3 /* Images.xcassets */; };
		6375423B1B17D698006B26E3 /* LaunchScreen.xib in Resources */ = {isa = PBXBuildFile; fileRef = 637542391B17D698006B26E3 /* LaunchScreen.xib */; };
		637542471B17D698006B26E3 /* BackEndTests.m in Sources */ = {isa = PBXBuildFile; fileRef = 637542461B17D698006B26E3 /* BackEndTests.m */; };
		637542521B17D7A3006B26E3 /* NetworkSession.m in Sources */ = {isa = PBXBuildFile; fileRef = 637542511B17D7A3006B26E3 /* NetworkSession.m */; };
		637542551B1A28C3006B26E3 /* DataViewController.m in Sources */ = {isa = PBXBuildFile; fileRef = 637542541B1A28C3006B26E3 /* DataViewController.m */; };
/* End PBXBuildFile section */

/* Begin PBXContainerItemProxy section */
		637542411B17D698006B26E3 /* PBXContainerItemProxy */ = {
			isa = PBXContainerItemProxy;
			containerPortal = 6375421C1B17D697006B26E3 /* Project object */;
			proxyType = 1;
			remoteGlobalIDString = 637542231B17D697006B26E3;
			remoteInfo = BackEnd;
		};
/* End PBXContainerItemProxy section */

/* Begin PBXFileReference section */
		637542241B17D697006B26E3 /* BackEnd.app */ = {isa = PBXFileReference; explicitFileType = wrapper.application; includeInIndex = 0; path = BackEnd.app; sourceTree = BUILT_PRODUCTS_DIR; };
		637542281B17D697006B26E3 /* Info.plist */ = {isa = PBXFileReference; lastKnownFileType = text.plist.xml; path = Info.plist; sourceTree = "<group>"; };
		637542291B17D697006B26E3 /* main.m */ = {isa = PBXFileReference; lastKnownFileType = sourcecode.c.objc; path = main.m; sourceTree = "<group>"; };
		6375422B1B17D697006B26E3 /* AppDelegate.h */ = {isa = PBXFileReference; lastKnownFileType = sourcecode.c.h; path = AppDelegate.h; sourceTree = "<group>"; };
		6375422C1B17D697006B26E3 /* AppDelegate.m */ = {isa = PBXFileReference; lastKnownFileType = sourcecode.c.objc; path = AppDelegate.m; sourceTree = "<group>"; };
		6375422F1B17D697006B26E3 /* BackEnd.xcdatamodel */ = {isa = PBXFileReference; lastKnownFileType = wrapper.xcdatamodel; path = BackEnd.xcdatamodel; sourceTree = "<group>"; };
		637542311B17D697006B26E3 /* ViewController.h */ = {isa = PBXFileReference; lastKnownFileType = sourcecode.c.h; path = ViewController.h; sourceTree = "<group>"; };
		637542321B17D697006B26E3 /* ViewController.m */ = {isa = PBXFileReference; lastKnownFileType = sourcecode.c.objc; path = ViewController.m; sourceTree = "<group>"; };
		637542351B17D698006B26E3 /* Base */ = {isa = PBXFileReference; lastKnownFileType = file.storyboard; name = Base; path = Base.lproj/Main.storyboard; sourceTree = "<group>"; };
		637542371B17D698006B26E3 /* Images.xcassets */ = {isa = PBXFileReference; lastKnownFileType = folder.assetcatalog; path = Images.xcassets; sourceTree = "<group>"; };
		6375423A1B17D698006B26E3 /* Base */ = {isa = PBXFileReference; lastKnownFileType = file.xib; name = Base; path = Base.lproj/LaunchScreen.xib; sourceTree = "<group>"; };
		637542401B17D698006B26E3 /* BackEndTests.xctest */ = {isa = PBXFileReference; explicitFileType = wrapper.cfbundle; includeInIndex = 0; path = BackEndTests.xctest; sourceTree = BUILT_PRODUCTS_DIR; };
		637542451B17D698006B26E3 /* Info.plist */ = {isa = PBXFileReference; lastKnownFileType = text.plist.xml; path = Info.plist; sourceTree = "<group>"; };
		637542461B17D698006B26E3 /* BackEndTests.m */ = {isa = PBXFileReference; lastKnownFileType = sourcecode.c.objc; path = BackEndTests.m; sourceTree = "<group>"; };
		637542501B17D7A3006B26E3 /* NetworkSession.h */ = {isa = PBXFileReference; fileEncoding = 4; lastKnownFileType = sourcecode.c.h; path = NetworkSession.h; sourceTree = "<group>"; };
		637542511B17D7A3006B26E3 /* NetworkSession.m */ = {isa = PBXFileReference; fileEncoding = 4; lastKnownFileType = sourcecode.c.objc; path = NetworkSession.m; sourceTree = "<group>"; };
		637542531B1A28C3006B26E3 /* DataViewController.h */ = {isa = PBXFileReference; fileEncoding = 4; lastKnownFileType = sourcecode.c.h; path = DataViewController.h; sourceTree = "<group>"; };
		637542541B1A28C3006B26E3 /* DataViewController.m */ = {isa = PBXFileReference; fileEncoding = 4; lastKnownFileType = sourcecode.c.objc; path = DataViewController.m; sourceTree = "<group>"; };
/* End PBXFileReference section */

/* Begin PBXFrameworksBuildPhase section */
		637542211B17D697006B26E3 /* Frameworks */ = {
			isa = PBXFrameworksBuildPhase;
			buildActionMask = 2147483647;
			files = (
			);
			runOnlyForDeploymentPostprocessing = 0;
		};
		6375423D1B17D698006B26E3 /* Frameworks */ = {
			isa = PBXFrameworksBuildPhase;
			buildActionMask = 2147483647;
			files = (
			);
			runOnlyForDeploymentPostprocessing = 0;
		};
/* End PBXFrameworksBuildPhase section */

/* Begin PBXGroup section */
		6375421B1B17D697006B26E3 = {
			isa = PBXGroup;
			children = (
				637542261B17D697006B26E3 /* BackEnd */,
				637542431B17D698006B26E3 /* BackEndTests */,
				637542251B17D697006B26E3 /* Products */,
			);
			sourceTree = "<group>";
		};
		637542251B17D697006B26E3 /* Products */ = {
			isa = PBXGroup;
			children = (
				637542241B17D697006B26E3 /* BackEnd.app */,
				637542401B17D698006B26E3 /* BackEndTests.xctest */,
			);
			name = Products;
			sourceTree = "<group>";
		};
		637542261B17D697006B26E3 /* BackEnd */ = {
			isa = PBXGroup;
			children = (
				6375422B1B17D697006B26E3 /* AppDelegate.h */,
				6375422C1B17D697006B26E3 /* AppDelegate.m */,
				637542311B17D697006B26E3 /* ViewController.h */,
				637542321B17D697006B26E3 /* ViewController.m */,
				637542341B17D698006B26E3 /* Main.storyboard */,
				637542371B17D698006B26E3 /* Images.xcassets */,
				637542391B17D698006B26E3 /* LaunchScreen.xib */,
				6375422E1B17D697006B26E3 /* BackEnd.xcdatamodeld */,
				637542271B17D697006B26E3 /* Supporting Files */,
				637542501B17D7A3006B26E3 /* NetworkSession.h */,
				637542511B17D7A3006B26E3 /* NetworkSession.m */,
				637542531B1A28C3006B26E3 /* DataViewController.h */,
				637542541B1A28C3006B26E3 /* DataViewController.m */,
			);
			path = BackEnd;
			sourceTree = "<group>";
		};
		637542271B17D697006B26E3 /* Supporting Files */ = {
			isa = PBXGroup;
			children = (
				637542281B17D697006B26E3 /* Info.plist */,
				637542291B17D697006B26E3 /* main.m */,
			);
			name = "Supporting Files";
			sourceTree = "<group>";
		};
		637542431B17D698006B26E3 /* BackEndTests */ = {
			isa = PBXGroup;
			children = (
				637542461B17D698006B26E3 /* BackEndTests.m */,
				637542441B17D698006B26E3 /* Supporting Files */,
			);
			path = BackEndTests;
			sourceTree = "<group>";
		};
		637542441B17D698006B26E3 /* Supporting Files */ = {
			isa = PBXGroup;
			children = (
				637542451B17D698006B26E3 /* Info.plist */,
			);
			name = "Supporting Files";
			sourceTree = "<group>";
		};
/* End PBXGroup section */

/* Begin PBXNativeTarget section */
		637542231B17D697006B26E3 /* BackEnd */ = {
			isa = PBXNativeTarget;
			buildConfigurationList = 6375424A1B17D698006B26E3 /* Build configuration list for PBXNativeTarget "BackEnd" */;
			buildPhases = (
				637542201B17D697006B26E3 /* Sources */,
				637542211B17D697006B26E3 /* Frameworks */,
				637542221B17D697006B26E3 /* Resources */,
			);
			buildRules = (
			);
			dependencies = (
			);
			name = BackEnd;
			productName = BackEnd;
			productReference = 637542241B17D697006B26E3 /* BackEnd.app */;
			productType = "com.apple.product-type.application";
		};
		6375423F1B17D698006B26E3 /* BackEndTests */ = {
			isa = PBXNativeTarget;
			buildConfigurationList = 6375424D1B17D698006B26E3 /* Build configuration list for PBXNativeTarget "BackEndTests" */;
			buildPhases = (
				6375423C1B17D698006B26E3 /* Sources */,
				6375423D1B17D698006B26E3 /* Frameworks */,
				6375423E1B17D698006B26E3 /* Resources */,
			);
			buildRules = (
			);
			dependencies = (
				637542421B17D698006B26E3 /* PBXTargetDependency */,
			);
			name = BackEndTests;
			productName = BackEndTests;
			productReference = 637542401B17D698006B26E3 /* BackEndTests.xctest */;
			productType = "com.apple.product-type.bundle.unit-test";
		};
/* End PBXNativeTarget section */

/* Begin PBXProject section */
		6375421C1B17D697006B26E3 /* Project object */ = {
			isa = PBXProject;
			attributes = {
				LastUpgradeCheck = 0630;
				ORGANIZATIONNAME = "David Chiu";
				TargetAttributes = {
					637542231B17D697006B26E3 = {
						CreatedOnToolsVersion = 6.3.1;
					};
					6375423F1B17D698006B26E3 = {
						CreatedOnToolsVersion = 6.3.1;
						TestTargetID = 637542231B17D697006B26E3;
					};
				};
			};
			buildConfigurationList = 6375421F1B17D697006B26E3 /* Build configuration list for PBXProject "BackEnd" */;
			compatibilityVersion = "Xcode 3.2";
			developmentRegion = English;
			hasScannedForEncodings = 0;
			knownRegions = (
				en,
				Base,
			);
			mainGroup = 6375421B1B17D697006B26E3;
			productRefGroup = 637542251B17D697006B26E3 /* Products */;
			projectDirPath = "";
			projectRoot = "";
			targets = (
				637542231B17D697006B26E3 /* BackEnd */,
				6375423F1B17D698006B26E3 /* BackEndTests */,
			);
		};
/* End PBXProject section */

/* Begin PBXResourcesBuildPhase section */
		637542221B17D697006B26E3 /* Resources */ = {
			isa = PBXResourcesBuildPhase;
			buildActionMask = 2147483647;
			files = (
				637542361B17D698006B26E3 /* Main.storyboard in Resources */,
				6375423B1B17D698006B26E3 /* LaunchScreen.xib in Resources */,
				637542381B17D698006B26E3 /* Images.xcassets in Resources */,
			);
			runOnlyForDeploymentPostprocessing = 0;
		};
		6375423E1B17D698006B26E3 /* Resources */ = {
			isa = PBXResourcesBuildPhase;
			buildActionMask = 2147483647;
			files = (
			);
			runOnlyForDeploymentPostprocessing = 0;
		};
/* End PBXResourcesBuildPhase section */

/* Begin PBXSourcesBuildPhase section */
		637542201B17D697006B26E3 /* Sources */ = {
			isa = PBXSourcesBuildPhase;
			buildActionMask = 2147483647;
			files = (
				6375422D1B17D697006B26E3 /* AppDelegate.m in Sources */,
				637542301B17D697006B26E3 /* BackEnd.xcdatamodeld in Sources */,
				637542331B17D697006B26E3 /* ViewController.m in Sources */,
				637542521B17D7A3006B26E3 /* NetworkSession.m in Sources */,
				637542551B1A28C3006B26E3 /* DataViewController.m in Sources */,
				6375422A1B17D697006B26E3 /* main.m in Sources */,
			);
			runOnlyForDeploymentPostprocessing = 0;
		};
		6375423C1B17D698006B26E3 /* Sources */ = {
			isa = PBXSourcesBuildPhase;
			buildActionMask = 2147483647;
			files = (
				637542471B17D698006B26E3 /* BackEndTests.m in Sources */,
			);
			runOnlyForDeploymentPostprocessing = 0;
		};
/* End PBXSourcesBuildPhase section */

/* Begin PBXTargetDependency section */
		637542421B17D698006B26E3 /* PBXTargetDependency */ = {
			isa = PBXTargetDependency;
			target = 637542231B17D697006B26E3 /* BackEnd */;
			targetProxy = 637542411B17D698006B26E3 /* PBXContainerItemProxy */;
		};
/* End PBXTargetDependency section */

/* Begin PBXVariantGroup section */
		637542341B17D698006B26E3 /* Main.storyboard */ = {
			isa = PBXVariantGroup;
			children = (
				637542351B17D698006B26E3 /* Base */,
			);
			name = Main.storyboard;
			sourceTree = "<group>";
		};
		637542391B17D698006B26E3 /* LaunchScreen.xib */ = {
			isa = PBXVariantGroup;
			children = (
				6375423A1B17D698006B26E3 /* Base */,
			);
			name = LaunchScreen.xib;
			sourceTree = "<group>";
		};
/* End PBXVariantGroup section */

/* Begin XCBuildConfiguration section */
		637542481B17D698006B26E3 /* Debug */ = {
			isa = XCBuildConfiguration;
			buildSettings = {
				ALWAYS_SEARCH_USER_PATHS = NO;
				CLANG_CXX_LANGUAGE_STANDARD = "gnu++0x";
				CLANG_CXX_LIBRARY = "libc++";
				CLANG_ENABLE_MODULES = YES;
				CLANG_ENABLE_OBJC_ARC = YES;
				CLANG_WARN_BOOL_CONVERSION = YES;
				CLANG_WARN_CONSTANT_CONVERSION = YES;
				CLANG_WARN_DIRECT_OBJC_ISA_USAGE = YES_ERROR;
				CLANG_WARN_EMPTY_BODY = YES;
				CLANG_WARN_ENUM_CONVERSION = YES;
				CLANG_WARN_INT_CONVERSION = YES;
				CLANG_WARN_OBJC_ROOT_CLASS = YES_ERROR;
				CLANG_WARN_UNREACHABLE_CODE = YES;
				CLANG_WARN__DUPLICATE_METHOD_MATCH = YES;
				"CODE_SIGN_IDENTITY[sdk=iphoneos*]" = "iPhone Developer";
				COPY_PHASE_STRIP = NO;
				DEBUG_INFORMATION_FORMAT = "dwarf-with-dsym";
				ENABLE_STRICT_OBJC_MSGSEND = YES;
				GCC_C_LANGUAGE_STANDARD = gnu99;
				GCC_DYNAMIC_NO_PIC = NO;
				GCC_NO_COMMON_BLOCKS = YES;
				GCC_OPTIMIZATION_LEVEL = 0;
				GCC_PREPROCESSOR_DEFINITIONS = (
					"DEBUG=1",
					"$(inherited)",
				);
				GCC_SYMBOLS_PRIVATE_EXTERN = NO;
				GCC_WARN_64_TO_32_BIT_CONVERSION = YES;
				GCC_WARN_ABOUT_RETURN_TYPE = YES_ERROR;
				GCC_WARN_UNDECLARED_SELECTOR = YES;
				GCC_WARN_UNINITIALIZED_AUTOS = YES_AGGRESSIVE;
				GCC_WARN_UNUSED_FUNCTION = YES;
				GCC_WARN_UNUSED_VARIABLE = YES;
				IPHONEOS_DEPLOYMENT_TARGET = 8.3;
				MTL_ENABLE_DEBUG_INFO = YES;
				ONLY_ACTIVE_ARCH = YES;
				SDKROOT = iphoneos;
				TARGETED_DEVICE_FAMILY = "1,2";
			};
			name = Debug;
		};
		637542491B17D698006B26E3 /* Release */ = {
			isa = XCBuildConfiguration;
			buildSettings = {
				ALWAYS_SEARCH_USER_PATHS = NO;
				CLANG_CXX_LANGUAGE_STANDARD = "gnu++0x";
				CLANG_CXX_LIBRARY = "libc++";
				CLANG_ENABLE_MODULES = YES;
				CLANG_ENABLE_OBJC_ARC = YES;
				CLANG_WARN_BOOL_CONVERSION = YES;
				CLANG_WARN_CONSTANT_CONVERSION = YES;
				CLANG_WARN_DIRECT_OBJC_ISA_USAGE = YES_ERROR;
				CLANG_WARN_EMPTY_BODY = YES;
				CLANG_WARN_ENUM_CONVERSION = YES;
				CLANG_WARN_INT_CONVERSION = YES;
				CLANG_WARN_OBJC_ROOT_CLASS = YES_ERROR;
				CLANG_WARN_UNREACHABLE_CODE = YES;
				CLANG_WARN__DUPLICATE_METHOD_MATCH = YES;
				"CODE_SIGN_IDENTITY[sdk=iphoneos*]" = "iPhone Developer";
				COPY_PHASE_STRIP = NO;
				DEBUG_INFORMATION_FORMAT = "dwarf-with-dsym";
				ENABLE_NS_ASSERTIONS = NO;
				ENABLE_STRICT_OBJC_MSGSEND = YES;
				GCC_C_LANGUAGE_STANDARD = gnu99;
				GCC_NO_COMMON_BLOCKS = YES;
				GCC_WARN_64_TO_32_BIT_CONVERSION = YES;
				GCC_WARN_ABOUT_RETURN_TYPE = YES_ERROR;
				GCC_WARN_UNDECLARED_SELECTOR = YES;
				GCC_WARN_UNINITIALIZED_AUTOS = YES_AGGRESSIVE;
				GCC_WARN_UNUSED_FUNCTION = YES;
				GCC_WARN_UNUSED_VARIABLE = YES;
				IPHONEOS_DEPLOYMENT_TARGET = 8.3;
				MTL_ENABLE_DEBUG_INFO = NO;
				SDKROOT = iphoneos;
				TARGETED_DEVICE_FAMILY = "1,2";
				VALIDATE_PRODUCT = YES;
			};
			name = Release;
		};
		6375424B1B17D698006B26E3 /* Debug */ = {
			isa = XCBuildConfiguration;
			buildSettings = {
				ASSETCATALOG_COMPILER_APPICON_NAME = AppIcon;
				INFOPLIST_FILE = BackEnd/Info.plist;
				LD_RUNPATH_SEARCH_PATHS = "$(inherited) @executable_path/Frameworks";
				PRODUCT_NAME = "$(TARGET_NAME)";
			};
			name = Debug;
		};
		6375424C1B17D698006B26E3 /* Release */ = {
			isa = XCBuildConfiguration;
			buildSettings = {
				ASSETCATALOG_COMPILER_APPICON_NAME = AppIcon;
				INFOPLIST_FILE = BackEnd/Info.plist;
				LD_RUNPATH_SEARCH_PATHS = "$(inherited) @executable_path/Frameworks";
				PRODUCT_NAME = "$(TARGET_NAME)";
			};
			name = Release;
		};
		6375424E1B17D698006B26E3 /* Debug */ = {
			isa = XCBuildConfiguration;
			buildSettings = {
				BUNDLE_LOADER = "$(TEST_HOST)";
				FRAMEWORK_SEARCH_PATHS = (
					"$(SDKROOT)/Developer/Library/Frameworks",
					"$(inherited)",
				);
				GCC_PREPROCESSOR_DEFINITIONS = (
					"DEBUG=1",
					"$(inherited)",
				);
				INFOPLIST_FILE = BackEndTests/Info.plist;
				LD_RUNPATH_SEARCH_PATHS = "$(inherited) @executable_path/Frameworks @loader_path/Frameworks";
				PRODUCT_NAME = "$(TARGET_NAME)";
				TEST_HOST = "$(BUILT_PRODUCTS_DIR)/BackEnd.app/BackEnd";
			};
			name = Debug;
		};
		6375424F1B17D698006B26E3 /* Release */ = {
			isa = XCBuildConfiguration;
			buildSettings = {
				BUNDLE_LOADER = "$(TEST_HOST)";
				FRAMEWORK_SEARCH_PATHS = (
					"$(SDKROOT)/Developer/Library/Frameworks",
					"$(inherited)",
				);
				INFOPLIST_FILE = BackEndTests/Info.plist;
				LD_RUNPATH_SEARCH_PATHS = "$(inherited) @executable_path/Frameworks @loader_path/Frameworks";
				PRODUCT_NAME = "$(TARGET_NAME)";
				TEST_HOST = "$(BUILT_PRODUCTS_DIR)/BackEnd.app/BackEnd";
			};
			name = Release;
		};
/* End XCBuildConfiguration section */

/* Begin XCConfigurationList section */
		6375421F1B17D697006B26E3 /* Build configuration list for PBXProject "BackEnd" */ = {
			isa = XCConfigurationList;
			buildConfigurations = (
				637542481B17D698006B26E3 /* Debug */,
				637542491B17D698006B26E3 /* Release */,
			);
			defaultConfigurationIsVisible = 0;
			defaultConfigurationName = Release;
		};
		6375424A1B17D698006B26E3 /* Build configuration list for PBXNativeTarget "BackEnd" */ = {
			isa = XCConfigurationList;
			buildConfigurations = (
				6375424B1B17D698006B26E3 /* Debug */,
				6375424C1B17D698006B26E3 /* Release */,
			);
			defaultConfigurationIsVisible = 0;
		};
		6375424D1B17D698006B26E3 /* Build configuration list for PBXNativeTarget "BackEndTests" */ = {
			isa = XCConfigurationList;
			buildConfigurations = (
				6375424E1B17D698006B26E3 /* Debug */,
				6375424F1B17D698006B26E3 /* Release */,
			);
			defaultConfigurationIsVisible = 0;
		};
/* End XCConfigurationList section */

/* Begin XCVersionGroup section */
		6375422E1B17D697006B26E3 /* BackEnd.xcdatamodeld */ = {
			isa = XCVersionGroup;
			children = (
				6375422F1B17D697006B26E3 /* BackEnd.xcdatamodel */,
			);
			currentVersion = 6375422F1B17D697006B26E3 /* BackEnd.xcdatamodel */;
			path = BackEnd.xcdatamodeld;
			sourceTree = "<group>";
			versionGroupType = wrapper.xcdatamodel;
		};
/* End XCVersionGroup section */
	};
	rootObject = 6375421C1B17D697006B26E3 /* Project object */;
}
